
Microsoft Visual Studio Solution File, Format Version 12.00
# Visual Studio Version 16
VisualStudioVersion = 16.0.31025.194
MinimumVisualStudioVersion = 10.0.40219.1
Project("{FAE04EC0-301F-11D3-BF4B-00C04F79EFBC}") = "Conpoly", "Conpoly\Conpoly.csproj", "{477EF10C-E1AE-4575-B051-0A61E0F22E5B}"
EndProject
Global
	GlobalSection(SolutionConfigurationPlatforms) = preSolution
		Debug|Any CPU = Debug|Any CPU
		Release|Any CPU = Release|Any CPU
	EndGlobalSection
	GlobalSection(ProjectConfigurationPlatforms) = postSolution
		{477EF10C-E1AE-4575-B051-0A61E0F22E5B}.Debug|Any CPU.ActiveCfg = Debug|Any CPU
		{477EF10C-E1AE-4575-B051-0A61E0F22E5B}.Debug|Any CPU.Build.0 = Debug|Any CPU
		{477EF10C-E1AE-4575-B051-0A61E0F22E5B}.Release|Any CPU.ActiveCfg = Release|Any CPU
		{477EF10C-E1AE-4575-B051-0A61E0F22E5B}.Release|Any CPU.Build.0 = Release|Any CPU
	EndGlobalSection
	GlobalSection(SolutionProperties) = preSolution
		HideSolutionNode = FALSE
	EndGlobalSection
	GlobalSection(ExtensibilityGlobals) = postSolution
		SolutionGuid = {84956A69-6536-401C-933C-6415BB5670B7}
	EndGlobalSection
EndGlobal
